{
  "version": 4,
  "terraform_version": "1.4.6",
  "serial": 625,
  "lineage": "561d987b-0fb2-2943-d5d1-de5cfabf2523",
  "outputs": {},
  "resources": [
    {
      "mode": "managed",
      "type": "aviatrix_vpc",
      "name": "Azure_Spoke_VPC_1",
      "provider": "provider[\"registry.terraform.io/aviatrixsystems/aviatrix\"]",
      "instances": [
        {
          "schema_version": 1,
          "attributes": {
            "account_name": "Azure_Environment",
            "availability_domains": [],
            "aviatrix_firenet_vpc": false,
            "aviatrix_transit_vpc": false,
            "azure_vnet_resource_id": "/subscriptions/574d3c50-69ca-4d3e-9996-3961b8420064/resourceGroups/rg-av-Azure-AC-VNET-Spoke-1-424926/providers/Microsoft.Network/virtualNetworks/Azure-AC-VNET-Spoke-1",
            "cidr": "10.80.0.0/24",
            "cloud_type": 8,
            "enable_native_gwlb": false,
            "enable_private_oob_subnet": false,
            "fault_domains": [],
            "id": "Azure-AC-VNET-Spoke-1",
            "name": "Azure-AC-VNET-Spoke-1",
            "num_of_subnet_pairs": 4,
            "private_mode_subnets": false,
            "private_subnets": [
              {
                "cidr": "10.80.0.32/28",
                "name": "Azure-AC-VNET-Spoke-1-Private-subnet-1",
                "subnet_id": "/subscriptions/574d3c50-69ca-4d3e-9996-3961b8420064/resourceGroups/rg-av-Azure-AC-VNET-Spoke-1-424926/providers/Microsoft.Network/virtualNetworks/Azure-AC-VNET-Spoke-1/subnets/Azure-AC-VNET-Spoke-1-Private-subnet-1"
              },
              {
                "cidr": "10.80.0.64/28",
                "name": "Azure-AC-VNET-Spoke-1-Private-subnet-2",
                "subnet_id": "/subscriptions/574d3c50-69ca-4d3e-9996-3961b8420064/resourceGroups/rg-av-Azure-AC-VNET-Spoke-1-424926/providers/Microsoft.Network/virtualNetworks/Azure-AC-VNET-Spoke-1/subnets/Azure-AC-VNET-Spoke-1-Private-subnet-2"
              },
              {
                "cidr": "10.80.0.96/28",
                "name": "Azure-AC-VNET-Spoke-1-Private-subnet-3",
                "subnet_id": "/subscriptions/574d3c50-69ca-4d3e-9996-3961b8420064/resourceGroups/rg-av-Azure-AC-VNET-Spoke-1-424926/providers/Microsoft.Network/virtualNetworks/Azure-AC-VNET-Spoke-1/subnets/Azure-AC-VNET-Spoke-1-Private-subnet-3"
              },
              {
                "cidr": "10.80.0.128/28",
                "name": "Azure-AC-VNET-Spoke-1-Private-subnet-4",
                "subnet_id": "/subscriptions/574d3c50-69ca-4d3e-9996-3961b8420064/resourceGroups/rg-av-Azure-AC-VNET-Spoke-1-424926/providers/Microsoft.Network/virtualNetworks/Azure-AC-VNET-Spoke-1/subnets/Azure-AC-VNET-Spoke-1-Private-subnet-4"
              }
            ],
            "public_subnets": [
              {
                "cidr": "10.80.0.0/28",
                "name": "Azure-AC-VNET-Spoke-1-Public-gateway-subnet-1",
                "subnet_id": "/subscriptions/574d3c50-69ca-4d3e-9996-3961b8420064/resourceGroups/rg-av-Azure-AC-VNET-Spoke-1-424926/providers/Microsoft.Network/virtualNetworks/Azure-AC-VNET-Spoke-1/subnets/Azure-AC-VNET-Spoke-1-Public-gateway-subnet-1"
              },
              {
                "cidr": "10.80.0.16/28",
                "name": "Azure-AC-VNET-Spoke-1-Public-subnet-1",
                "subnet_id": "/subscriptions/574d3c50-69ca-4d3e-9996-3961b8420064/resourceGroups/rg-av-Azure-AC-VNET-Spoke-1-424926/providers/Microsoft.Network/virtualNetworks/Azure-AC-VNET-Spoke-1/subnets/Azure-AC-VNET-Spoke-1-Public-subnet-1"
              },
              {
                "cidr": "10.80.0.48/28",
                "name": "Azure-AC-VNET-Spoke-1-Public-subnet-2",
                "subnet_id": "/subscriptions/574d3c50-69ca-4d3e-9996-3961b8420064/resourceGroups/rg-av-Azure-AC-VNET-Spoke-1-424926/providers/Microsoft.Network/virtualNetworks/Azure-AC-VNET-Spoke-1/subnets/Azure-AC-VNET-Spoke-1-Public-subnet-2"
              },
              {
                "cidr": "10.80.0.80/28",
                "name": "Azure-AC-VNET-Spoke-1-Public-subnet-3",
                "subnet_id": "/subscriptions/574d3c50-69ca-4d3e-9996-3961b8420064/resourceGroups/rg-av-Azure-AC-VNET-Spoke-1-424926/providers/Microsoft.Network/virtualNetworks/Azure-AC-VNET-Spoke-1/subnets/Azure-AC-VNET-Spoke-1-Public-subnet-3"
              },
              {
                "cidr": "10.80.0.112/28",
                "name": "Azure-AC-VNET-Spoke-1-Public-subnet-4",
                "subnet_id": "/subscriptions/574d3c50-69ca-4d3e-9996-3961b8420064/resourceGroups/rg-av-Azure-AC-VNET-Spoke-1-424926/providers/Microsoft.Network/virtualNetworks/Azure-AC-VNET-Spoke-1/subnets/Azure-AC-VNET-Spoke-1-Public-subnet-4"
              }
            ],
            "region": "East US",
            "resource_group": "rg-av-Azure-AC-VNET-Spoke-1-424926",
            "route_tables": [
              "Azure-AC-VNET-Spoke-1-Private-subnet-1-rtb:rg-av-Azure-AC-VNET-Spoke-1-424926",
              "Azure-AC-VNET-Spoke-1-Public-subnet-4-rtb:rg-av-Azure-AC-VNET-Spoke-1-424926",
              "Azure-AC-VNET-Spoke-1-Private-subnet-4-rtb:rg-av-Azure-AC-VNET-Spoke-1-424926",
              "Azure-AC-VNET-Spoke-1-Public-subnet-2-rtb:rg-av-Azure-AC-VNET-Spoke-1-424926",
              "Azure-AC-VNET-Spoke-1-Public-subnet-3-rtb:rg-av-Azure-AC-VNET-Spoke-1-424926",
              "Azure-AC-VNET-Spoke-1-Private-subnet-3-rtb:rg-av-Azure-AC-VNET-Spoke-1-424926",
              "Azure-AC-VNET-Spoke-1-Public-subnet-1-rtb:rg-av-Azure-AC-VNET-Spoke-1-424926",
              "Azure-AC-VNET-Spoke-1-Private-subnet-2-rtb:rg-av-Azure-AC-VNET-Spoke-1-424926"
            ],
            "subnet_size": 28,
            "subnets": [
              {
                "cidr": "10.80.0.0/28",
                "name": "Azure-AC-VNET-Spoke-1-Public-gateway-subnet-1",
                "region": "",
                "subnet_id": "/subscriptions/574d3c50-69ca-4d3e-9996-3961b8420064/resourceGroups/rg-av-Azure-AC-VNET-Spoke-1-424926/providers/Microsoft.Network/virtualNetworks/Azure-AC-VNET-Spoke-1/subnets/Azure-AC-VNET-Spoke-1-Public-gateway-subnet-1"
              },
              {
                "cidr": "10.80.0.16/28",
                "name": "Azure-AC-VNET-Spoke-1-Public-subnet-1",
                "region": "",
                "subnet_id": "/subscriptions/574d3c50-69ca-4d3e-9996-3961b8420064/resourceGroups/rg-av-Azure-AC-VNET-Spoke-1-424926/providers/Microsoft.Network/virtualNetworks/Azure-AC-VNET-Spoke-1/subnets/Azure-AC-VNET-Spoke-1-Public-subnet-1"
              },
              {
                "cidr": "10.80.0.48/28",
                "name": "Azure-AC-VNET-Spoke-1-Public-subnet-2",
                "region": "",
                "subnet_id": "/subscriptions/574d3c50-69ca-4d3e-9996-3961b8420064/resourceGroups/rg-av-Azure-AC-VNET-Spoke-1-424926/providers/Microsoft.Network/virtualNetworks/Azure-AC-VNET-Spoke-1/subnets/Azure-AC-VNET-Spoke-1-Public-subnet-2"
              },
              {
                "cidr": "10.80.0.80/28",
                "name": "Azure-AC-VNET-Spoke-1-Public-subnet-3",
                "region": "",
                "subnet_id": "/subscriptions/574d3c50-69ca-4d3e-9996-3961b8420064/resourceGroups/rg-av-Azure-AC-VNET-Spoke-1-424926/providers/Microsoft.Network/virtualNetworks/Azure-AC-VNET-Spoke-1/subnets/Azure-AC-VNET-Spoke-1-Public-subnet-3"
              },
              {
                "cidr": "10.80.0.112/28",
                "name": "Azure-AC-VNET-Spoke-1-Public-subnet-4",
                "region": "",
                "subnet_id": "/subscriptions/574d3c50-69ca-4d3e-9996-3961b8420064/resourceGroups/rg-av-Azure-AC-VNET-Spoke-1-424926/providers/Microsoft.Network/virtualNetworks/Azure-AC-VNET-Spoke-1/subnets/Azure-AC-VNET-Spoke-1-Public-subnet-4"
              },
              {
                "cidr": "10.80.0.32/28",
                "name": "Azure-AC-VNET-Spoke-1-Private-subnet-1",
                "region": "",
                "subnet_id": "/subscriptions/574d3c50-69ca-4d3e-9996-3961b8420064/resourceGroups/rg-av-Azure-AC-VNET-Spoke-1-424926/providers/Microsoft.Network/virtualNetworks/Azure-AC-VNET-Spoke-1/subnets/Azure-AC-VNET-Spoke-1-Private-subnet-1"
              },
              {
                "cidr": "10.80.0.64/28",
                "name": "Azure-AC-VNET-Spoke-1-Private-subnet-2",
                "region": "",
                "subnet_id": "/subscriptions/574d3c50-69ca-4d3e-9996-3961b8420064/resourceGroups/rg-av-Azure-AC-VNET-Spoke-1-424926/providers/Microsoft.Network/virtualNetworks/Azure-AC-VNET-Spoke-1/subnets/Azure-AC-VNET-Spoke-1-Private-subnet-2"
              },
              {
                "cidr": "10.80.0.96/28",
                "name": "Azure-AC-VNET-Spoke-1-Private-subnet-3",
                "region": "",
                "subnet_id": "/subscriptions/574d3c50-69ca-4d3e-9996-3961b8420064/resourceGroups/rg-av-Azure-AC-VNET-Spoke-1-424926/providers/Microsoft.Network/virtualNetworks/Azure-AC-VNET-Spoke-1/subnets/Azure-AC-VNET-Spoke-1-Private-subnet-3"
              },
              {
                "cidr": "10.80.0.128/28",
                "name": "Azure-AC-VNET-Spoke-1-Private-subnet-4",
                "region": "",
                "subnet_id": "/subscriptions/574d3c50-69ca-4d3e-9996-3961b8420064/resourceGroups/rg-av-Azure-AC-VNET-Spoke-1-424926/providers/Microsoft.Network/virtualNetworks/Azure-AC-VNET-Spoke-1/subnets/Azure-AC-VNET-Spoke-1-Private-subnet-4"
              }
            ],
            "vpc_id": "Azure-AC-VNET-Spoke-1:rg-av-Azure-AC-VNET-Spoke-1-424926:cd8f1ee5-7187-4467-8881-ab58ebebeef3"
          },
          "sensitive_attributes": [],
          "private": "eyJzY2hlbWFfdmVyc2lvbiI6IjEifQ=="
        }
      ]
    }
  ],
  "check_results": null
}
